
Microsoft Visual Studio Solution File, Format Version 11.00
# Visual Basic Express 2010
Project("{F184B08F-C81C-45F6-A57F-5ABD9991F28F}") = "Calendar Proj", "Calendar Proj\Calendar Proj.vbproj", "{70AA8355-7BF2-46BB-B62C-4953CD1675FD}"
EndProject
Global
	GlobalSection(SolutionConfigurationPlatforms) = preSolution
		Debug|x86 = Debug|x86
		Release|x86 = Release|x86
	EndGlobalSection
	GlobalSection(ProjectConfigurationPlatforms) = postSolution
		{70AA8355-7BF2-46BB-B62C-4953CD1675FD}.Debug|x86.ActiveCfg = Debug|x86
		{70AA8355-7BF2-46BB-B62C-4953CD1675FD}.Debug|x86.Build.0 = Debug|x86
		{70AA8355-7BF2-46BB-B62C-4953CD1675FD}.Release|x86.ActiveCfg = Release|x86
		{70AA8355-7BF2-46BB-B62C-4953CD1675FD}.Release|x86.Build.0 = Release|x86
	EndGlobalSection
	GlobalSection(SolutionProperties) = preSolution
		HideSolutionNode = FALSE
	EndGlobalSection
EndGlobal
